
Microsoft Visual Studio Solution File, Format Version 12.00
# Visual Studio Version 16
VisualStudioVersion = 16.0.33328.57
MinimumVisualStudioVersion = 10.0.40219.1
Project("{FAE04EC0-301F-11D3-BF4B-00C04F79EFBC}") = "LABA_11", "LABA_11.csproj", "{8C3EF5BC-98C0-4D23-8553-E2FF72F46604}"
EndProject
Global
	GlobalSection(SolutionConfigurationPlatforms) = preSolution
		Debug|Any CPU = Debug|Any CPU
		Release|Any CPU = Release|Any CPU
	EndGlobalSection
	GlobalSection(ProjectConfigurationPlatforms) = postSolution
		{8C3EF5BC-98C0-4D23-8553-E2FF72F46604}.Debug|Any CPU.ActiveCfg = Debug|Any CPU
		{8C3EF5BC-98C0-4D23-8553-E2FF72F46604}.Debug|Any CPU.Build.0 = Debug|Any CPU
		{8C3EF5BC-98C0-4D23-8553-E2FF72F46604}.Release|Any CPU.ActiveCfg = Release|Any CPU
		{8C3EF5BC-98C0-4D23-8553-E2FF72F46604}.Release|Any CPU.Build.0 = Release|Any CPU
	EndGlobalSection
	GlobalSection(SolutionProperties) = preSolution
		HideSolutionNode = FALSE
	EndGlobalSection
	GlobalSection(ExtensibilityGlobals) = postSolution
		SolutionGuid = {6ABFA501-EE99-4044-81F7-EFDC781E0E6F}
	EndGlobalSection
EndGlobal
